{
  "name": "@socialize/cloudinary",
  "version": "1.0.5",
  "lockfileVersion": 1,
  "requires": true,
  "dependencies": {
    "@react-native-community/async-storage": {
      "version": "1.11.0",
      "resolved": "https://registry.npmjs.org/@react-native-community/async-storage/-/async-storage-1.11.0.tgz",
      "integrity": "sha512-Pq9LlmvtCEKAGdkyrgTcRxNh2fnHFykEj2qnRYijOl1pDIl2MkD5IxaXu5eOL0wgOtAl4U//ff4z40Td6XR5rw==",
      "optional": true,
      "requires": {
        "deep-assign": "^3.0.0"
      }
    },
    "@react-native-community/netinfo": {
      "version": "5.9.4",
      "resolved": "https://registry.npmjs.org/@react-native-community/netinfo/-/netinfo-5.9.4.tgz",
      "integrity": "sha512-mb664NOqPvyUZ4TznzdYEfdS3OhSXWGbZprgsDZn4THw2X/4wcBFcBUeWuMzeQ56KhY0rm/YBBlZWHrSf3C/Aw==",
      "optional": true
    },
    "@socialize/react-native-meteor": {
      "version": "2.0.2",
      "resolved": "https://registry.npmjs.org/@socialize/react-native-meteor/-/react-native-meteor-2.0.2.tgz",
      "integrity": "sha512-yTzm+tlyu0hVW9QPWlsSS8SGqsQT6LM2Na4g+i1J/cwW0HXqZiDZQ8oSZDgolHDkcaMjvAMT4NWmWBoYXxvZHw==",
      "requires": {
        "@react-native-community/async-storage": "^1.11.0",
        "@react-native-community/netinfo": "5.9.4",
        "base-64": "^0.1.0",
        "crypto-js": "^3.1.9-1",
        "ejson": "^2.2.0",
        "minimongo-cache": "0.0.49",
        "trackr": "^2.0.2",
        "wolfy87-eventemitter": "^5.2.9"
      }
    },
    "base-64": {
      "version": "0.1.0",
      "resolved": "https://registry.npmjs.org/base-64/-/base-64-0.1.0.tgz",
      "integrity": "sha1-eAqZyE59YAJgNhURxId2E78k9rs="
    },
    "cloudinary": {
      "version": "1.22.0",
      "resolved": "https://registry.npmjs.org/cloudinary/-/cloudinary-1.22.0.tgz",
      "integrity": "sha512-qQhSVqGyOWtGbPc3JrwyUXJEZpdqsEzBFSf5+gTo7gbKbXdzEysLagigoSlp6JYI7YW2oEbz4aeZlgN2ucOkzQ==",
      "requires": {
        "core-js": "^3.6.5",
        "lodash": "^4.17.11",
        "q": "^1.5.1"
      },
      "dependencies": {
        "lodash": {
          "version": "4.17.19",
          "resolved": "https://registry.npmjs.org/lodash/-/lodash-4.17.19.tgz",
          "integrity": "sha512-JNvd8XER9GQX0v2qJgsaN/mzFCNA5BRe/j8JN9d+tWyGLSodKQHKFicdwNYzWwI3wjRnaKPsGj1XkBjx/F96DQ=="
        }
      }
    },
    "cloudinary-core": {
      "version": "2.11.1",
      "resolved": "https://registry.npmjs.org/cloudinary-core/-/cloudinary-core-2.11.1.tgz",
      "integrity": "sha512-w1CmIOr2G3o1GLyw74GYszRF8RF87RvyD1N4bGAb/x+7/7SEGx36nFQQrKqJxGZkaoatBZBAtDaxKLvUZvZNWw=="
    },
    "core-js": {
      "version": "3.6.5",
      "resolved": "https://registry.npmjs.org/core-js/-/core-js-3.6.5.tgz",
      "integrity": "sha512-vZVEEwZoIsI+vPEuoF9Iqf5H7/M3eeQqWlQnYa8FSKKePuYTf5MWnxb5SDAzCa60b3JBRS5g9b+Dq7b1y/RCrA=="
    },
    "crypto-js": {
      "version": "3.3.0",
      "resolved": "https://registry.npmjs.org/crypto-js/-/crypto-js-3.3.0.tgz",
      "integrity": "sha512-DIT51nX0dCfKltpRiXV+/TVZq+Qq2NgF4644+K7Ttnla7zEzqc+kjJyiB96BHNyUTBxyjzRcZYpUdZa+QAqi6Q=="
    },
    "deep-assign": {
      "version": "3.0.0",
      "resolved": "https://registry.npmjs.org/deep-assign/-/deep-assign-3.0.0.tgz",
      "integrity": "sha512-YX2i9XjJ7h5q/aQ/IM9PEwEnDqETAIYbggmdDB3HLTlSgo1CxPsj6pvhPG68rq6SVE0+p+6Ywsm5fTYNrYtBWw==",
      "optional": true,
      "requires": {
        "is-obj": "^1.0.0"
      }
    },
    "ejson": {
      "version": "2.2.0",
      "resolved": "https://registry.npmjs.org/ejson/-/ejson-2.2.0.tgz",
      "integrity": "sha512-kWa0AKAxDhmr4t6c4pgQqk6yL52/M67xOMh60HRnAeydzo5QIxOitN5bE1+e0rbdnxfly7FTB9e2Ny0ypLMbag=="
    },
    "eventemitter3": {
      "version": "1.2.0",
      "resolved": "https://registry.npmjs.org/eventemitter3/-/eventemitter3-1.2.0.tgz",
      "integrity": "sha1-HIaZHYFq0eUEdQ5zh0Ik7PO+xQg="
    },
    "invariant": {
      "version": "2.2.4",
      "resolved": "https://registry.npmjs.org/invariant/-/invariant-2.2.4.tgz",
      "integrity": "sha512-phJfQVBuaJM5raOpJjSfkiD6BpbCE4Ns//LaXl6wGYtUBY83nWS6Rf9tXm2e8VaK60JEjYldbPif/A2B1C2gNA==",
      "requires": {
        "loose-envify": "^1.0.0"
      }
    },
    "is-obj": {
      "version": "1.0.1",
      "resolved": "https://registry.npmjs.org/is-obj/-/is-obj-1.0.1.tgz",
      "integrity": "sha1-PkcprB9f3gJc19g6iW2rn09n2w8=",
      "optional": true
    },
    "js-tokens": {
      "version": "4.0.0",
      "resolved": "https://registry.npmjs.org/js-tokens/-/js-tokens-4.0.0.tgz",
      "integrity": "sha512-RdJUflcE3cUzKiMqQgsCu06FPu9UdIJO0beYbPhHN4k6apgJtifcoCtT9bcxOpYBtpD2kCM6Sbzg4CausW/PKQ=="
    },
    "lodash": {
      "version": "2.4.2",
      "resolved": "https://registry.npmjs.org/lodash/-/lodash-2.4.2.tgz",
      "integrity": "sha1-+t2DS5aDBz2hebPq5tnA0VBT9z4="
    },
    "loose-envify": {
      "version": "1.4.0",
      "resolved": "https://registry.npmjs.org/loose-envify/-/loose-envify-1.4.0.tgz",
      "integrity": "sha512-lyuxPGr/Wfhrlem2CL/UcnUc1zcqKAImBDzukY7Y5F/yQiNdko6+fRLevlw1HgMySw7f611UIY408EtxRSoK3Q==",
      "requires": {
        "js-tokens": "^3.0.0 || ^4.0.0"
      }
    },
    "minimongo-cache": {
      "version": "0.0.49",
      "resolved": "https://registry.npmjs.org/minimongo-cache/-/minimongo-cache-0.0.49.tgz",
      "integrity": "sha1-jrvmqE4wzmhdEL7QDuVzPY+p+II=",
      "requires": {
        "eventemitter3": "^1.1.0",
        "invariant": "^2.1.1",
        "lodash": "~2.4.1"
      }
    },
    "performance-now": {
      "version": "0.2.0",
      "resolved": "https://registry.npmjs.org/performance-now/-/performance-now-0.2.0.tgz",
      "integrity": "sha1-M+8wxcd9TqIcWlOGnZG1bY8lVeU="
    },
    "q": {
      "version": "1.5.1",
      "resolved": "https://registry.npmjs.org/q/-/q-1.5.1.tgz",
      "integrity": "sha1-fjL3W0E4EpHQRhHxvxQQmsAGUdc="
    },
    "raf": {
      "version": "3.1.0",
      "resolved": "https://registry.npmjs.org/raf/-/raf-3.1.0.tgz",
      "integrity": "sha1-XYS/gbV/l5+MSSvgg3jFOLtO7Pw=",
      "requires": {
        "performance-now": "~0.2.0"
      }
    },
    "trackr": {
      "version": "2.0.2",
      "resolved": "https://registry.npmjs.org/trackr/-/trackr-2.0.2.tgz",
      "integrity": "sha1-7jixO1gLMN9ejgJw0c89AhLEdF4=",
      "requires": {
        "raf": "~3.1.0"
      }
    },
    "wolfy87-eventemitter": {
      "version": "5.2.9",
      "resolved": "https://registry.npmjs.org/wolfy87-eventemitter/-/wolfy87-eventemitter-5.2.9.tgz",
      "integrity": "sha512-P+6vtWyuDw+MB01X7UeF8TaHBvbCovf4HPEMF/SV7BdDc1SMTiBy13SRD71lQh4ExFTG1d/WNzDGDCyOKSMblw=="
    }
  }
}
